
Microsoft Visual Studio Solution File, Format Version 12.00
# Visual Studio Version 16
VisualStudioVersion = 16.0.32510.428
MinimumVisualStudioVersion = 10.0.40219.1
Project("{8BC9CEB8-8B4A-11D0-8D11-00A0C91BC942}") = "WinApi", "HelloW\HelloW.vcxproj", "{708EB034-0D7E-4A5A-AC09-924551962C18}"
EndProject
Project("{8BC9CEB8-8B4A-11D0-8D11-00A0C91BC942}") = "CalcDll", "CalcDll\CalcDll.vcxproj", "{709C1E54-4A3C-458B-9BCB-D02034D927DE}"
EndProject
Global
	GlobalSection(SolutionConfigurationPlatforms) = preSolution
		Debug|x64 = Debug|x64
		Debug|x86 = Debug|x86
		Release|x64 = Release|x64
		Release|x86 = Release|x86
	EndGlobalSection
	GlobalSection(ProjectConfigurationPlatforms) = postSolution
		{708EB034-0D7E-4A5A-AC09-924551962C18}.Debug|x64.ActiveCfg = Debug|x64
		{708EB034-0D7E-4A5A-AC09-924551962C18}.Debug|x64.Build.0 = Debug|x64
		{708EB034-0D7E-4A5A-AC09-924551962C18}.Debug|x86.ActiveCfg = Debug|Win32
		{708EB034-0D7E-4A5A-AC09-924551962C18}.Debug|x86.Build.0 = Debug|Win32
		{708EB034-0D7E-4A5A-AC09-924551962C18}.Release|x64.ActiveCfg = Release|x64
		{708EB034-0D7E-4A5A-AC09-924551962C18}.Release|x64.Build.0 = Release|x64
		{708EB034-0D7E-4A5A-AC09-924551962C18}.Release|x86.ActiveCfg = Release|Win32
		{708EB034-0D7E-4A5A-AC09-924551962C18}.Release|x86.Build.0 = Release|Win32
		{709C1E54-4A3C-458B-9BCB-D02034D927DE}.Debug|x64.ActiveCfg = Debug|x64
		{709C1E54-4A3C-458B-9BCB-D02034D927DE}.Debug|x64.Build.0 = Debug|x64
		{709C1E54-4A3C-458B-9BCB-D02034D927DE}.Debug|x86.ActiveCfg = Debug|Win32
		{709C1E54-4A3C-458B-9BCB-D02034D927DE}.Debug|x86.Build.0 = Debug|Win32
		{709C1E54-4A3C-458B-9BCB-D02034D927DE}.Release|x64.ActiveCfg = Release|x64
		{709C1E54-4A3C-458B-9BCB-D02034D927DE}.Release|x64.Build.0 = Release|x64
		{709C1E54-4A3C-458B-9BCB-D02034D927DE}.Release|x86.ActiveCfg = Release|Win32
		{709C1E54-4A3C-458B-9BCB-D02034D927DE}.Release|x86.Build.0 = Release|Win32
	EndGlobalSection
	GlobalSection(SolutionProperties) = preSolution
		HideSolutionNode = FALSE
	EndGlobalSection
	GlobalSection(ExtensibilityGlobals) = postSolution
		SolutionGuid = {86FBCD08-C962-4532-B1FA-DB22D92B12CF}
	EndGlobalSection
EndGlobal
